
Microsoft Visual Studio Solution File, Format Version 12.00
# Visual Studio 15
VisualStudioVersion = 15.0.27004.2005
MinimumVisualStudioVersion = 10.0.40219.1
Project("{FAE04EC0-301F-11D3-BF4B-00C04F79EFBC}") = "PathTraversal", "PathTraversal\PathTraversal.csproj", "{8609A418-A8C5-4487-B2CA-D9FB381F54F5}"
EndProject
Project("{FAE04EC0-301F-11D3-BF4B-00C04F79EFBC}") = "PathTraversalTests", "PathTraversalTests\PathTraversalTests.csproj", "{7E4A9047-E242-47C8-8B1B-843907B878D1}"
EndProject
Global
	GlobalSection(SolutionConfigurationPlatforms) = preSolution
		Debug|Any CPU = Debug|Any CPU
		Release|Any CPU = Release|Any CPU
	EndGlobalSection
	GlobalSection(ProjectConfigurationPlatforms) = postSolution
		{8609A418-A8C5-4487-B2CA-D9FB381F54F5}.Debug|Any CPU.ActiveCfg = Debug|Any CPU
		{8609A418-A8C5-4487-B2CA-D9FB381F54F5}.Debug|Any CPU.Build.0 = Debug|Any CPU
		{8609A418-A8C5-4487-B2CA-D9FB381F54F5}.Release|Any CPU.ActiveCfg = Release|Any CPU
		{8609A418-A8C5-4487-B2CA-D9FB381F54F5}.Release|Any CPU.Build.0 = Release|Any CPU
		{7E4A9047-E242-47C8-8B1B-843907B878D1}.Debug|Any CPU.ActiveCfg = Debug|Any CPU
		{7E4A9047-E242-47C8-8B1B-843907B878D1}.Debug|Any CPU.Build.0 = Debug|Any CPU
		{7E4A9047-E242-47C8-8B1B-843907B878D1}.Release|Any CPU.ActiveCfg = Release|Any CPU
		{7E4A9047-E242-47C8-8B1B-843907B878D1}.Release|Any CPU.Build.0 = Release|Any CPU
	EndGlobalSection
	GlobalSection(SolutionProperties) = preSolution
		HideSolutionNode = FALSE
	EndGlobalSection
	GlobalSection(ExtensibilityGlobals) = postSolution
		SolutionGuid = {EDF6D71C-296C-4351-9954-96F6DD2F7E26}
	EndGlobalSection
	GlobalSection(TeamFoundationVersionControl) = preSolution
		SccNumberOfProjects = 3
		SccEnterpriseProvider = {4CA58AB2-18FA-4F8D-95D4-32DDF27D184C}
		SccTeamFoundationServer = https://hareric.visualstudio.com/
		SccLocalPath0 = .
		SccProjectUniqueName1 = PathTraversal\\PathTraversal.csproj
		SccProjectName1 = PathTraversal
		SccLocalPath1 = PathTraversal
		SccProjectUniqueName2 = PathTraversalTests\\PathTraversalTests.csproj
		SccProjectName2 = PathTraversalTests
		SccLocalPath2 = PathTraversalTests
	EndGlobalSection
EndGlobal
